
Microsoft Visual Studio Solution File, Format Version 12.00
# Visual Studio 14
VisualStudioVersion = 14.0.25420.1
MinimumVisualStudioVersion = 10.0.40219.1
Project("{2150E333-8FDC-42A3-9474-1A3956D46DE8}") = "Engine", "Engine", "{D71F5C00-80B4-4B08-A98D-2525D63CC759}"
EndProject
Project("{2150E333-8FDC-42A3-9474-1A3956D46DE8}") = "Games", "Games", "{ABC7759E-6C3A-47D1-8618-4B8577D1D74E}"
EndProject
Project("{8BC9CEB8-8B4A-11D0-8D11-00A0C91BC942}") = "UE4", "Intermediate\ProjectFiles\UE4.vcxproj", "{562D4A2B-63E8-451F-9EF1-31B9B6E3F1BB}"
EndProject
Project("{8BC9CEB8-8B4A-11D0-8D11-00A0C91BC942}") = "BuildingEscape", "Intermediate\ProjectFiles\BuildingEscape.vcxproj", "{A6F56532-2BB6-4381-9F75-F907348870A0}"
EndProject
Global
	GlobalSection(SolutionConfigurationPlatforms) = preSolution
		DebugGame Editor|HTML5 = DebugGame Editor|HTML5
		DebugGame Editor|Win32 = DebugGame Editor|Win32
		DebugGame Editor|Win64 = DebugGame Editor|Win64
		DebugGame|HTML5 = DebugGame|HTML5
		DebugGame|Win32 = DebugGame|Win32
		DebugGame|Win64 = DebugGame|Win64
		Development Editor|HTML5 = Development Editor|HTML5
		Development Editor|Win32 = Development Editor|Win32
		Development Editor|Win64 = Development Editor|Win64
		Development|HTML5 = Development|HTML5
		Development|Win32 = Development|Win32
		Development|Win64 = Development|Win64
		Shipping|HTML5 = Shipping|HTML5
		Shipping|Win32 = Shipping|Win32
		Shipping|Win64 = Shipping|Win64
	EndGlobalSection
	GlobalSection(ProjectConfigurationPlatforms) = postSolution
		{562D4A2B-63E8-451F-9EF1-31B9B6E3F1BB}.DebugGame Editor|HTML5.ActiveCfg = BuiltWithUnrealBuildTool|Win32
		{562D4A2B-63E8-451F-9EF1-31B9B6E3F1BB}.DebugGame Editor|HTML5.Build.0 = BuiltWithUnrealBuildTool|Win32
		{562D4A2B-63E8-451F-9EF1-31B9B6E3F1BB}.DebugGame Editor|Win32.ActiveCfg = BuiltWithUnrealBuildTool|Win32
		{562D4A2B-63E8-451F-9EF1-31B9B6E3F1BB}.DebugGame Editor|Win32.Build.0 = BuiltWithUnrealBuildTool|Win32
		{562D4A2B-63E8-451F-9EF1-31B9B6E3F1BB}.DebugGame Editor|Win64.ActiveCfg = BuiltWithUnrealBuildTool|Win32
		{562D4A2B-63E8-451F-9EF1-31B9B6E3F1BB}.DebugGame Editor|Win64.Build.0 = BuiltWithUnrealBuildTool|Win32
		{562D4A2B-63E8-451F-9EF1-31B9B6E3F1BB}.DebugGame|HTML5.ActiveCfg = BuiltWithUnrealBuildTool|Win32
		{562D4A2B-63E8-451F-9EF1-31B9B6E3F1BB}.DebugGame|HTML5.Build.0 = BuiltWithUnrealBuildTool|Win32
		{562D4A2B-63E8-451F-9EF1-31B9B6E3F1BB}.DebugGame|Win32.ActiveCfg = BuiltWithUnrealBuildTool|Win32
		{562D4A2B-63E8-451F-9EF1-31B9B6E3F1BB}.DebugGame|Win32.Build.0 = BuiltWithUnrealBuildTool|Win32
		{562D4A2B-63E8-451F-9EF1-31B9B6E3F1BB}.DebugGame|Win64.ActiveCfg = BuiltWithUnrealBuildTool|Win32
		{562D4A2B-63E8-451F-9EF1-31B9B6E3F1BB}.DebugGame|Win64.Build.0 = BuiltWithUnrealBuildTool|Win32
		{562D4A2B-63E8-451F-9EF1-31B9B6E3F1BB}.Development Editor|HTML5.ActiveCfg = BuiltWithUnrealBuildTool|Win32
		{562D4A2B-63E8-451F-9EF1-31B9B6E3F1BB}.Development Editor|HTML5.Build.0 = BuiltWithUnrealBuildTool|Win32
		{562D4A2B-63E8-451F-9EF1-31B9B6E3F1BB}.Development Editor|Win32.ActiveCfg = BuiltWithUnrealBuildTool|Win32
		{562D4A2B-63E8-451F-9EF1-31B9B6E3F1BB}.Development Editor|Win32.Build.0 = BuiltWithUnrealBuildTool|Win32
		{562D4A2B-63E8-451F-9EF1-31B9B6E3F1BB}.Development Editor|Win64.ActiveCfg = BuiltWithUnrealBuildTool|Win32
		{562D4A2B-63E8-451F-9EF1-31B9B6E3F1BB}.Development Editor|Win64.Build.0 = BuiltWithUnrealBuildTool|Win32
		{562D4A2B-63E8-451F-9EF1-31B9B6E3F1BB}.Development|HTML5.ActiveCfg = BuiltWithUnrealBuildTool|Win32
		{562D4A2B-63E8-451F-9EF1-31B9B6E3F1BB}.Development|HTML5.Build.0 = BuiltWithUnrealBuildTool|Win32
		{562D4A2B-63E8-451F-9EF1-31B9B6E3F1BB}.Development|Win32.ActiveCfg = BuiltWithUnrealBuildTool|Win32
		{562D4A2B-63E8-451F-9EF1-31B9B6E3F1BB}.Development|Win32.Build.0 = BuiltWithUnrealBuildTool|Win32
		{562D4A2B-63E8-451F-9EF1-31B9B6E3F1BB}.Development|Win64.ActiveCfg = BuiltWithUnrealBuildTool|Win32
		{562D4A2B-63E8-451F-9EF1-31B9B6E3F1BB}.Development|Win64.Build.0 = BuiltWithUnrealBuildTool|Win32
		{562D4A2B-63E8-451F-9EF1-31B9B6E3F1BB}.Shipping|HTML5.ActiveCfg = BuiltWithUnrealBuildTool|Win32
		{562D4A2B-63E8-451F-9EF1-31B9B6E3F1BB}.Shipping|HTML5.Build.0 = BuiltWithUnrealBuildTool|Win32
		{562D4A2B-63E8-451F-9EF1-31B9B6E3F1BB}.Shipping|Win32.ActiveCfg = BuiltWithUnrealBuildTool|Win32
		{562D4A2B-63E8-451F-9EF1-31B9B6E3F1BB}.Shipping|Win32.Build.0 = BuiltWithUnrealBuildTool|Win32
		{562D4A2B-63E8-451F-9EF1-31B9B6E3F1BB}.Shipping|Win64.ActiveCfg = BuiltWithUnrealBuildTool|Win32
		{562D4A2B-63E8-451F-9EF1-31B9B6E3F1BB}.Shipping|Win64.Build.0 = BuiltWithUnrealBuildTool|Win32
		{A6F56532-2BB6-4381-9F75-F907348870A0}.DebugGame Editor|HTML5.ActiveCfg = HTML5_DebugGame_Editor|Win32
		{A6F56532-2BB6-4381-9F75-F907348870A0}.DebugGame Editor|Win32.ActiveCfg = DebugGame_Editor|Win32
		{A6F56532-2BB6-4381-9F75-F907348870A0}.DebugGame Editor|Win64.ActiveCfg = DebugGame_Editor|x64
		{A6F56532-2BB6-4381-9F75-F907348870A0}.DebugGame Editor|Win64.Build.0 = DebugGame_Editor|x64
		{A6F56532-2BB6-4381-9F75-F907348870A0}.DebugGame|HTML5.ActiveCfg = HTML5_DebugGame_Game|Win32
		{A6F56532-2BB6-4381-9F75-F907348870A0}.DebugGame|HTML5.Build.0 = HTML5_DebugGame_Game|Win32
		{A6F56532-2BB6-4381-9F75-F907348870A0}.DebugGame|Win32.ActiveCfg = DebugGame_Game|Win32
		{A6F56532-2BB6-4381-9F75-F907348870A0}.DebugGame|Win32.Build.0 = DebugGame_Game|Win32
		{A6F56532-2BB6-4381-9F75-F907348870A0}.DebugGame|Win64.ActiveCfg = DebugGame_Game|x64
		{A6F56532-2BB6-4381-9F75-F907348870A0}.DebugGame|Win64.Build.0 = DebugGame_Game|x64
		{A6F56532-2BB6-4381-9F75-F907348870A0}.Development Editor|HTML5.ActiveCfg = HTML5_Development_Editor|Win32
		{A6F56532-2BB6-4381-9F75-F907348870A0}.Development Editor|Win32.ActiveCfg = Development_Editor|Win32
		{A6F56532-2BB6-4381-9F75-F907348870A0}.Development Editor|Win64.ActiveCfg = Development_Editor|x64
		{A6F56532-2BB6-4381-9F75-F907348870A0}.Development Editor|Win64.Build.0 = Development_Editor|x64
		{A6F56532-2BB6-4381-9F75-F907348870A0}.Development|HTML5.ActiveCfg = HTML5_Development_Game|Win32
		{A6F56532-2BB6-4381-9F75-F907348870A0}.Development|HTML5.Build.0 = HTML5_Development_Game|Win32
		{A6F56532-2BB6-4381-9F75-F907348870A0}.Development|Win32.ActiveCfg = Development_Game|Win32
		{A6F56532-2BB6-4381-9F75-F907348870A0}.Development|Win32.Build.0 = Development_Game|Win32
		{A6F56532-2BB6-4381-9F75-F907348870A0}.Development|Win64.ActiveCfg = Development_Game|x64
		{A6F56532-2BB6-4381-9F75-F907348870A0}.Development|Win64.Build.0 = Development_Game|x64
		{A6F56532-2BB6-4381-9F75-F907348870A0}.Shipping|HTML5.ActiveCfg = HTML5_Shipping_Game|Win32
		{A6F56532-2BB6-4381-9F75-F907348870A0}.Shipping|HTML5.Build.0 = HTML5_Shipping_Game|Win32
		{A6F56532-2BB6-4381-9F75-F907348870A0}.Shipping|Win32.ActiveCfg = Shipping_Game|Win32
		{A6F56532-2BB6-4381-9F75-F907348870A0}.Shipping|Win32.Build.0 = Shipping_Game|Win32
		{A6F56532-2BB6-4381-9F75-F907348870A0}.Shipping|Win64.ActiveCfg = Shipping_Game|x64
		{A6F56532-2BB6-4381-9F75-F907348870A0}.Shipping|Win64.Build.0 = Shipping_Game|x64
	EndGlobalSection
	GlobalSection(SolutionProperties) = preSolution
		HideSolutionNode = FALSE
	EndGlobalSection
	GlobalSection(NestedProjects) = preSolution
		{562D4A2B-63E8-451F-9EF1-31B9B6E3F1BB} = {D71F5C00-80B4-4B08-A98D-2525D63CC759}
		{A6F56532-2BB6-4381-9F75-F907348870A0} = {ABC7759E-6C3A-47D1-8618-4B8577D1D74E}
	EndGlobalSection
EndGlobal
